[[package]]
name = "cargo-docgen"
version = "0.1.3"
dependencies = [
 "easy-shortcuts 0.2.0 (registry+https://github.com/rust-lang/crates.io-index)",
 "lapp 0.3.0 (registry+https://github.com/rust-lang/crates.io-index)",
]

[[package]]
name = "easy-shortcuts"
version = "0.2.0"
source = "registry+https://github.com/rust-lang/crates.io-index"

[[package]]
name = "lapp"
version = "0.3.0"
source = "registry+https://github.com/rust-lang/crates.io-index"

[metadata]
"checksum easy-shortcuts 0.2.0 (registry+https://github.com/rust-lang/crates.io-index)" = "1a1d9d73462dcf43a993e1b9ea1a875b3786ba8d161334dc01148e1611097dc1"
"checksum lapp 0.3.0 (registry+https://github.com/rust-lang/crates.io-index)" = "f92a5a0dd35a335f63a7004396339b4818c010224ef450a667be14ab21135ccf"
